// !$*UTF8*$!
{
	archiveVersion = 1;
	classes = {
	};
	objectVersion = 46;
	objects = {

/* Begin PBXBuildFile section */
		2039F88515CDF09100ABC061 /* Cave.cpp in Sources */ = {isa = PBXBuildFile; fileRef = 2039F88315CDF09100ABC061 /* Cave.cpp */; };
		204292B415CE239300665276 /* DragonSmallStand.png in Resources */ = {isa = PBXBuildFile; fileRef = 204292B315CE239300665276 /* DragonSmallStand.png */; };
		204292B715CE341600665276 /* LevelFG.png in Resources */ = {isa = PBXBuildFile; fileRef = 204292B615CE341600665276 /* LevelFG.png */; };
		204292C815CE7BC200665276 /* LevelSky.png in Resources */ = {isa = PBXBuildFile; fileRef = 204292C715CE7BC200665276 /* LevelSky.png */; };
		2058B8A315CCE5CF00C316BB /* Viewport.cpp in Sources */ = {isa = PBXBuildFile; fileRef = 2058B8A115CCE5CF00C316BB /* Viewport.cpp */; };
		2058B8A715CCF2BD00C316BB /* GroundHeightmap.cpp in Sources */ = {isa = PBXBuildFile; fileRef = 2058B8A515CCF2BD00C316BB /* GroundHeightmap.cpp */; };
		2058B8B015CCFAC700C316BB /* GameObject.cpp in Sources */ = {isa = PBXBuildFile; fileRef = 2058B8AE15CCFAC700C316BB /* GameObject.cpp */; };
		2058B8B315CD081500C316BB /* GameObjManager.cpp in Sources */ = {isa = PBXBuildFile; fileRef = 2058B8B115CD081500C316BB /* GameObjManager.cpp */; };
		2072A3D315CF5592002FF45C /* DragonRoar.ogg in Resources */ = {isa = PBXBuildFile; fileRef = 2072A3C715CF5592002FF45C /* DragonRoar.ogg */; };
		2072A3D415CF5592002FF45C /* FireLoop.ogg in Resources */ = {isa = PBXBuildFile; fileRef = 2072A3C815CF5592002FF45C /* FireLoop.ogg */; };
		2072A3D515CF5592002FF45C /* Footstep1.ogg in Resources */ = {isa = PBXBuildFile; fileRef = 2072A3C915CF5592002FF45C /* Footstep1.ogg */; };
		2072A3D615CF5592002FF45C /* Footstep2.ogg in Resources */ = {isa = PBXBuildFile; fileRef = 2072A3CA15CF5592002FF45C /* Footstep2.ogg */; };
		2072A3D715CF5592002FF45C /* Footstep3.ogg in Resources */ = {isa = PBXBuildFile; fileRef = 2072A3CB15CF5592002FF45C /* Footstep3.ogg */; };
		2072A3D915CF5592002FF45C /* GameMus.ogg in Resources */ = {isa = PBXBuildFile; fileRef = 2072A3CD15CF5592002FF45C /* GameMus.ogg */; };
		2072A3DA15CF5592002FF45C /* Lazor.ogg in Resources */ = {isa = PBXBuildFile; fileRef = 2072A3CE15CF5592002FF45C /* Lazor.ogg */; };
		2072A3DB15CF5592002FF45C /* Screams1.ogg in Resources */ = {isa = PBXBuildFile; fileRef = 2072A3CF15CF5592002FF45C /* Screams1.ogg */; };
		2072A3DC15CF5592002FF45C /* Screams2.ogg in Resources */ = {isa = PBXBuildFile; fileRef = 2072A3D015CF5592002FF45C /* Screams2.ogg */; };
		2072A3DD15CF5592002FF45C /* Screams3.ogg in Resources */ = {isa = PBXBuildFile; fileRef = 2072A3D115CF5592002FF45C /* Screams3.ogg */; };
		2072A3FD15CFBD15002FF45C /* DragonSmallDive0.png in Resources */ = {isa = PBXBuildFile; fileRef = 2072A3EF15CFBD0D002FF45C /* DragonSmallDive0.png */; };
		2072A3FE15CFBD15002FF45C /* DragonSmallDive1.png in Resources */ = {isa = PBXBuildFile; fileRef = 2072A3F015CFBD0E002FF45C /* DragonSmallDive1.png */; };
		2072A3FF15CFBD15002FF45C /* DragonSmallDive2.png in Resources */ = {isa = PBXBuildFile; fileRef = 2072A3F115CFBD0E002FF45C /* DragonSmallDive2.png */; };
		2072A40015CFBD15002FF45C /* DragonSmallDive3.png in Resources */ = {isa = PBXBuildFile; fileRef = 2072A3F215CFBD0F002FF45C /* DragonSmallDive3.png */; };
		2072A40115CFBD15002FF45C /* DragonSmallGlide0.png in Resources */ = {isa = PBXBuildFile; fileRef = 2072A3F315CFBD11002FF45C /* DragonSmallGlide0.png */; };
		2072A40215CFBD15002FF45C /* DragonSmallGlide1.png in Resources */ = {isa = PBXBuildFile; fileRef = 2072A3F415CFBD11002FF45C /* DragonSmallGlide1.png */; };
		2072A40315CFBD15002FF45C /* DragonSmallGlide2.png in Resources */ = {isa = PBXBuildFile; fileRef = 2072A3F515CFBD11002FF45C /* DragonSmallGlide2.png */; };
		2072A40415CFBD15002FF45C /* DragonSmallGlide3.png in Resources */ = {isa = PBXBuildFile; fileRef = 2072A3F615CFBD12002FF45C /* DragonSmallGlide3.png */; };
		2072A40515CFBD15002FF45C /* dragonsmallrun0.png in Resources */ = {isa = PBXBuildFile; fileRef = 2072A3F715CFBD13002FF45C /* dragonsmallrun0.png */; };
		2072A40615CFBD15002FF45C /* dragonsmallrun1.png in Resources */ = {isa = PBXBuildFile; fileRef = 2072A3F815CFBD13002FF45C /* dragonsmallrun1.png */; };
		2072A40715CFBD15002FF45C /* dragonsmallrun2.png in Resources */ = {isa = PBXBuildFile; fileRef = 2072A3F915CFBD13002FF45C /* dragonsmallrun2.png */; };
		2072A40815CFBD15002FF45C /* dragonsmallrun3.png in Resources */ = {isa = PBXBuildFile; fileRef = 2072A3FA15CFBD14002FF45C /* dragonsmallrun3.png */; };
		2072A40915CFBD15002FF45C /* dragonsmallrun4.png in Resources */ = {isa = PBXBuildFile; fileRef = 2072A3FB15CFBD14002FF45C /* dragonsmallrun4.png */; };
		2072A40A15CFBD15002FF45C /* dragonsmallrun5.png in Resources */ = {isa = PBXBuildFile; fileRef = 2072A3FC15CFBD15002FF45C /* dragonsmallrun5.png */; };
		2077483D15CD51E7000EAED4 /* Dragon.cpp in Sources */ = {isa = PBXBuildFile; fileRef = 2077483B15CD51E7000EAED4 /* Dragon.cpp */; };
		207F585B15CCD7E90037B9D9 /* main.cpp in Sources */ = {isa = PBXBuildFile; fileRef = 207F585915CCD7E90037B9D9 /* main.cpp */; };
		207F586715CCDB410037B9D9 /* liballegro_acodec.5.0.7.dylib in Frameworks */ = {isa = PBXBuildFile; fileRef = 207F585C15CCDB410037B9D9 /* liballegro_acodec.5.0.7.dylib */; };
		207F586815CCDB410037B9D9 /* liballegro_audio.5.0.7.dylib in Frameworks */ = {isa = PBXBuildFile; fileRef = 207F585D15CCDB410037B9D9 /* liballegro_audio.5.0.7.dylib */; };
		207F586915CCDB410037B9D9 /* liballegro_color.5.0.7.dylib in Frameworks */ = {isa = PBXBuildFile; fileRef = 207F585E15CCDB410037B9D9 /* liballegro_color.5.0.7.dylib */; };
		207F586A15CCDB410037B9D9 /* liballegro_dialog.5.0.7.dylib in Frameworks */ = {isa = PBXBuildFile; fileRef = 207F585F15CCDB410037B9D9 /* liballegro_dialog.5.0.7.dylib */; };
		207F586B15CCDB410037B9D9 /* liballegro_font.5.0.7.dylib in Frameworks */ = {isa = PBXBuildFile; fileRef = 207F586015CCDB410037B9D9 /* liballegro_font.5.0.7.dylib */; };
		207F586C15CCDB410037B9D9 /* liballegro_image.5.0.7.dylib in Frameworks */ = {isa = PBXBuildFile; fileRef = 207F586115CCDB410037B9D9 /* liballegro_image.5.0.7.dylib */; };
		207F586D15CCDB410037B9D9 /* liballegro_main.5.0.7.dylib in Frameworks */ = {isa = PBXBuildFile; fileRef = 207F586215CCDB410037B9D9 /* liballegro_main.5.0.7.dylib */; };
		207F586E15CCDB410037B9D9 /* liballegro_memfile.5.0.7.dylib in Frameworks */ = {isa = PBXBuildFile; fileRef = 207F586315CCDB410037B9D9 /* liballegro_memfile.5.0.7.dylib */; };
		207F586F15CCDB410037B9D9 /* liballegro_primitives.5.0.7.dylib in Frameworks */ = {isa = PBXBuildFile; fileRef = 207F586415CCDB410037B9D9 /* liballegro_primitives.5.0.7.dylib */; };
		207F587015CCDB410037B9D9 /* liballegro_ttf.5.0.7.dylib in Frameworks */ = {isa = PBXBuildFile; fileRef = 207F586515CCDB410037B9D9 /* liballegro_ttf.5.0.7.dylib */; };
		207F587115CCDB410037B9D9 /* liballegro.5.0.7.dylib in Frameworks */ = {isa = PBXBuildFile; fileRef = 207F586615CCDB410037B9D9 /* liballegro.5.0.7.dylib */; };
		20BCD63915CE462F001BE033 /* Primes.cpp in Sources */ = {isa = PBXBuildFile; fileRef = 20BCD63815CE462E001BE033 /* Primes.cpp */; };
		20BCD65915CE5EEE001BE033 /* CaveBackground.png in Resources */ = {isa = PBXBuildFile; fileRef = 20BCD64315CE5EEE001BE033 /* CaveBackground.png */; };
		20BCD65A15CE5EEE001BE033 /* CaveFlamerangeDown.png in Resources */ = {isa = PBXBuildFile; fileRef = 20BCD64415CE5EEE001BE033 /* CaveFlamerangeDown.png */; };
		20BCD65B15CE5EEE001BE033 /* CaveFlamerangeUp.png in Resources */ = {isa = PBXBuildFile; fileRef = 20BCD64515CE5EEE001BE033 /* CaveFlamerangeUp.png */; };
		20BCD65D15CE5EEE001BE033 /* CaveReturnDown.png in Resources */ = {isa = PBXBuildFile; fileRef = 20BCD64715CE5EEE001BE033 /* CaveReturnDown.png */; };
		20BCD65E15CE5EEE001BE033 /* CaveReturnUp.png in Resources */ = {isa = PBXBuildFile; fileRef = 20BCD64815CE5EEE001BE033 /* CaveReturnUp.png */; };
		20BCD65F15CE5EEE001BE033 /* CaveSizeDown.png in Resources */ = {isa = PBXBuildFile; fileRef = 20BCD64915CE5EEE001BE033 /* CaveSizeDown.png */; };
		20BCD66015CE5EEE001BE033 /* CaveSizeUp.png in Resources */ = {isa = PBXBuildFile; fileRef = 20BCD64A15CE5EEE001BE033 /* CaveSizeUp.png */; };
		20BCD66215CE5EEE001BE033 /* CaveWingspanDown.png in Resources */ = {isa = PBXBuildFile; fileRef = 20BCD64C15CE5EEE001BE033 /* CaveWingspanDown.png */; };
		20BCD66315CE5EEE001BE033 /* CaveWingspanUp.png in Resources */ = {isa = PBXBuildFile; fileRef = 20BCD64D15CE5EEE001BE033 /* CaveWingspanUp.png */; };
		20BCD66415CE5EEE001BE033 /* MenuContinueDown.png in Resources */ = {isa = PBXBuildFile; fileRef = 20BCD64E15CE5EEE001BE033 /* MenuContinueDown.png */; };
		20BCD66515CE5EEE001BE033 /* MenuContinueGrey.png in Resources */ = {isa = PBXBuildFile; fileRef = 20BCD64F15CE5EEE001BE033 /* MenuContinueGrey.png */; };
		20BCD66615CE5EEE001BE033 /* MenuContinueUp.png in Resources */ = {isa = PBXBuildFile; fileRef = 20BCD65015CE5EEE001BE033 /* MenuContinueUp.png */; };
		20BCD66715CE5EEE001BE033 /* MenuExitDown.png in Resources */ = {isa = PBXBuildFile; fileRef = 20BCD65115CE5EEE001BE033 /* MenuExitDown.png */; };
		20BCD66815CE5EEE001BE033 /* MenuExitUp.png in Resources */ = {isa = PBXBuildFile; fileRef = 20BCD65215CE5EEE001BE033 /* MenuExitUp.png */; };
		20BCD66915CE5EEE001BE033 /* MenuInstructionsDown.png in Resources */ = {isa = PBXBuildFile; fileRef = 20BCD65315CE5EEE001BE033 /* MenuInstructionsDown.png */; };
		20BCD66A15CE5EEE001BE033 /* MenuInstructionsUp.png in Resources */ = {isa = PBXBuildFile; fileRef = 20BCD65415CE5EEE001BE033 /* MenuInstructionsUp.png */; };
		20BCD66B15CE5EEE001BE033 /* MenuMus.ogg in Resources */ = {isa = PBXBuildFile; fileRef = 20BCD65515CE5EEE001BE033 /* MenuMus.ogg */; };
		20BCD66C15CE5EEE001BE033 /* MenuNewGameDown.png in Resources */ = {isa = PBXBuildFile; fileRef = 20BCD65615CE5EEE001BE033 /* MenuNewGameDown.png */; };
		20BCD66D15CE5EEE001BE033 /* MenuNewGameUp.png in Resources */ = {isa = PBXBuildFile; fileRef = 20BCD65715CE5EEE001BE033 /* MenuNewGameUp.png */; };
		20BCD66E15CE5EEE001BE033 /* MenuTitle.png in Resources */ = {isa = PBXBuildFile; fileRef = 20BCD65815CE5EEE001BE033 /* MenuTitle.png */; };
		20D4681515CE86FF00D76210 /* CaveEmbossedTile.png in Resources */ = {isa = PBXBuildFile; fileRef = 20D4680F15CE86FF00D76210 /* CaveEmbossedTile.png */; };
		20D4681615CE86FF00D76210 /* CaveFlameCooldownDown.png in Resources */ = {isa = PBXBuildFile; fileRef = 20D4681015CE86FF00D76210 /* CaveFlameCooldownDown.png */; };
		20D4681715CE86FF00D76210 /* CaveFlameCooldownUp.png in Resources */ = {isa = PBXBuildFile; fileRef = 20D4681115CE86FF00D76210 /* CaveFlameCooldownUp.png */; };
		20D4681815CE86FF00D76210 /* CaveReturnGrey.png in Resources */ = {isa = PBXBuildFile; fileRef = 20D4681215CE86FF00D76210 /* CaveReturnGrey.png */; };
		20D4681915CE86FF00D76210 /* CaveStaminaDown.png in Resources */ = {isa = PBXBuildFile; fileRef = 20D4681315CE86FF00D76210 /* CaveStaminaDown.png */; };
		20D4681A15CE86FF00D76210 /* CaveStaminaUp.png in Resources */ = {isa = PBXBuildFile; fileRef = 20D4681415CE86FF00D76210 /* CaveStaminaUp.png */; };
		20D4681C15CE980000D76210 /* NumberSheet10.png in Resources */ = {isa = PBXBuildFile; fileRef = 20D4681B15CE980000D76210 /* NumberSheet10.png */; };
		20D4682215CEC05900D76210 /* Game.cpp in Sources */ = {isa = PBXBuildFile; fileRef = 20D4682115CEC05900D76210 /* Game.cpp */; };
		20D4682715CF4F6900D76210 /* GameUI.png in Resources */ = {isa = PBXBuildFile; fileRef = 20D4682615CF4F6900D76210 /* GameUI.png */; };
		20D4683615CF722300D76210 /* Villager1.png in Resources */ = {isa = PBXBuildFile; fileRef = 20D4683415CF722300D76210 /* Villager1.png */; };
		20D4685B15CFA8B400D76210 /* Mountains.png in Resources */ = {isa = PBXBuildFile; fileRef = 20D4683C15CFA8B400D76210 /* Mountains.png */; };
		20D4685C15CFA8B400D76210 /* Cave.png in Resources */ = {isa = PBXBuildFile; fileRef = 20D4683D15CFA8B400D76210 /* Cave.png */; };
		20D4685D15CFA8B400D76210 /* Pause.png in Resources */ = {isa = PBXBuildFile; fileRef = 20D4683E15CFA8B400D76210 /* Pause.png */; };
		20D4685E15CFA8B400D76210 /* DragonSmallJump6.png in Resources */ = {isa = PBXBuildFile; fileRef = 20D4683F15CFA8B400D76210 /* DragonSmallJump6.png */; };
		20D4685F15CFA8B400D76210 /* DragonSmallJump3.png in Resources */ = {isa = PBXBuildFile; fileRef = 20D4684015CFA8B400D76210 /* DragonSmallJump3.png */; };
		20D4686015CFA8B400D76210 /* DragonSmallJump4.png in Resources */ = {isa = PBXBuildFile; fileRef = 20D4684115CFA8B400D76210 /* DragonSmallJump4.png */; };
		20D4686115CFA8B400D76210 /* DragonSmallJump2.png in Resources */ = {isa = PBXBuildFile; fileRef = 20D4684215CFA8B400D76210 /* DragonSmallJump2.png */; };
		20D4686215CFA8B400D76210 /* DragonSmallFly3.png in Resources */ = {isa = PBXBuildFile; fileRef = 20D4684315CFA8B400D76210 /* DragonSmallFly3.png */; };
		20D4686315CFA8B400D76210 /* DragonSmallJump5.png in Resources */ = {isa = PBXBuildFile; fileRef = 20D4684415CFA8B400D76210 /* DragonSmallJump5.png */; };
		20D4686415CFA8B400D76210 /* DragonSmallJump1.png in Resources */ = {isa = PBXBuildFile; fileRef = 20D4684515CFA8B400D76210 /* DragonSmallJump1.png */; };
		20D4686515CFA8B400D76210 /* DragonSmallFly1.png in Resources */ = {isa = PBXBuildFile; fileRef = 20D4684615CFA8B400D76210 /* DragonSmallFly1.png */; };
		20D4686715CFA8B400D76210 /* DragonSmallFly2.png in Resources */ = {isa = PBXBuildFile; fileRef = 20D4684815CFA8B400D76210 /* DragonSmallFly2.png */; };
		20D4686815CFA8B400D76210 /* StaminaEmpty.png in Resources */ = {isa = PBXBuildFile; fileRef = 20D4684915CFA8B400D76210 /* StaminaEmpty.png */; };
		20D4686915CFA8B400D76210 /* StaminaFull.png in Resources */ = {isa = PBXBuildFile; fileRef = 20D4684A15CFA8B400D76210 /* StaminaFull.png */; };
		20D4686B15CFA8B400D76210 /* Alien2.png in Resources */ = {isa = PBXBuildFile; fileRef = 20D4684C15CFA8B400D76210 /* Alien2.png */; };
		20D4686C15CFA8B400D76210 /* Alien1.png in Resources */ = {isa = PBXBuildFile; fileRef = 20D4684D15CFA8B400D76210 /* Alien1.png */; };
		20D4686E15CFA8B400D76210 /* Alien3.png in Resources */ = {isa = PBXBuildFile; fileRef = 20D4684F15CFA8B400D76210 /* Alien3.png */; };
		20D4686F15CFA8B400D76210 /* HealthFull.png in Resources */ = {isa = PBXBuildFile; fileRef = 20D4685015CFA8B400D76210 /* HealthFull.png */; };
		20D4687015CFA8B400D76210 /* FlameCDFull.png in Resources */ = {isa = PBXBuildFile; fileRef = 20D4685115CFA8B400D76210 /* FlameCDFull.png */; };
		20D4687115CFA8B400D76210 /* HealthEmpty.png in Resources */ = {isa = PBXBuildFile; fileRef = 20D4685215CFA8B400D76210 /* HealthEmpty.png */; };
		20D4687215CFA8B400D76210 /* FlameCDEmpty.png in Resources */ = {isa = PBXBuildFile; fileRef = 20D4685315CFA8B400D76210 /* FlameCDEmpty.png */; };
		20D4687315CFA8B400D76210 /* Flame3.png in Resources */ = {isa = PBXBuildFile; fileRef = 20D4685415CFA8B400D76210 /* Flame3.png */; };
		20D4687415CFA8B400D76210 /* Spear.png in Resources */ = {isa = PBXBuildFile; fileRef = 20D4685515CFA8B400D76210 /* Spear.png */; };
		20D4687515CFA8B400D76210 /* Flame1.png in Resources */ = {isa = PBXBuildFile; fileRef = 20D4685615CFA8B400D76210 /* Flame1.png */; };
		20D4687615CFA8B400D76210 /* Flame2.png in Resources */ = {isa = PBXBuildFile; fileRef = 20D4685715CFA8B400D76210 /* Flame2.png */; };
		20D4687815CFA8B400D76210 /* Laser.png in Resources */ = {isa = PBXBuildFile; fileRef = 20D4685915CFA8B400D76210 /* Laser.png */; };
		20D4687915CFA8B400D76210 /* Scared.png in Resources */ = {isa = PBXBuildFile; fileRef = 20D4685A15CFA8B400D76210 /* Scared.png */; };
		20D4688115CFAA1200D76210 /* Alien0.png in Resources */ = {isa = PBXBuildFile; fileRef = 20D4687A15CFAA1200D76210 /* Alien0.png */; };
		20D4688215CFAA1200D76210 /* DragonSmallFly0.png in Resources */ = {isa = PBXBuildFile; fileRef = 20D4687B15CFAA1200D76210 /* DragonSmallFly0.png */; };
		20D4688315CFAA1200D76210 /* DragonSmallJump0.png in Resources */ = {isa = PBXBuildFile; fileRef = 20D4687C15CFAA1200D76210 /* DragonSmallJump0.png */; };
		20D4688415CFAA1200D76210 /* Flame0.png in Resources */ = {isa = PBXBuildFile; fileRef = 20D4687D15CFAA1200D76210 /* Flame0.png */; };
		20D4688515CFAA1200D76210 /* Footstep0.ogg in Resources */ = {isa = PBXBuildFile; fileRef = 20D4687E15CFAA1200D76210 /* Footstep0.ogg */; };
		20D4688615CFAA1200D76210 /* Screams0.ogg in Resources */ = {isa = PBXBuildFile; fileRef = 20D4687F15CFAA1200D76210 /* Screams0.ogg */; };
		20D4688715CFAA1200D76210 /* Villager0.png in Resources */ = {isa = PBXBuildFile; fileRef = 20D4688015CFAA1200D76210 /* Villager0.png */; };
		20E735FA15CD091100A4F90B /* MenuBackground.png in Resources */ = {isa = PBXBuildFile; fileRef = 20E735EF15CD091100A4F90B /* MenuBackground.png */; };
		20E7360C15CD768700A4F90B /* MainMenu.cpp in Sources */ = {isa = PBXBuildFile; fileRef = 20E7360B15CD768700A4F90B /* MainMenu.cpp */; };
		20EF027815CE128800E86905 /* GameSave.cpp in Sources */ = {isa = PBXBuildFile; fileRef = 20EF027715CE128800E86905 /* GameSave.cpp */; };
		20FE1FBA15CCD6250055B92B /* Cocoa.framework in Frameworks */ = {isa = PBXBuildFile; fileRef = 20FE1FB915CCD6250055B92B /* Cocoa.framework */; };
/* End PBXBuildFile section */

/* Begin PBXFileReference section */
		2039F88315CDF09100ABC061 /* Cave.cpp */ = {isa = PBXFileReference; fileEncoding = 4; lastKnownFileType = sourcecode.cpp.cpp; path = Cave.cpp; sourceTree = "<group>"; };
		2039F88415CDF09100ABC061 /* Cave.h */ = {isa = PBXFileReference; fileEncoding = 4; lastKnownFileType = sourcecode.c.h; path = Cave.h; sourceTree = "<group>"; };
		2039F88615CDF4BC00ABC061 /* GameSave.h */ = {isa = PBXFileReference; lastKnownFileType = sourcecode.c.h; path = GameSave.h; sourceTree = "<group>"; };
		204292A915CDF69900665276 /* DragonStats.h */ = {isa = PBXFileReference; lastKnownFileType = sourcecode.c.h; path = DragonStats.h; sourceTree = "<group>"; };
		204292B315CE239300665276 /* DragonSmallStand.png */ = {isa = PBXFileReference; lastKnownFileType = image.png; path = DragonSmallStand.png; sourceTree = "<group>"; };
		204292B615CE341600665276 /* LevelFG.png */ = {isa = PBXFileReference; lastKnownFileType = image.png; path = LevelFG.png; sourceTree = "<group>"; };
		204292BC15CE52FE00665276 /* Renderable.h */ = {isa = PBXFileReference; lastKnownFileType = sourcecode.c.h; path = Renderable.h; sourceTree = "<group>"; };
		204292BE15CE53B100665276 /* RenderQueueSet.h */ = {isa = PBXFileReference; lastKnownFileType = sourcecode.c.h; path = RenderQueueSet.h; sourceTree = "<group>"; };
		204292C515CE74F900665276 /* Enemy.h */ = {isa = PBXFileReference; lastKnownFileType = sourcecode.c.h; path = Enemy.h; sourceTree = "<group>"; };
		204292C715CE7BC200665276 /* LevelSky.png */ = {isa = PBXFileReference; lastKnownFileType = image.png; path = LevelSky.png; sourceTree = "<group>"; };
		204292D115CEA1FE00665276 /* StaticObject.h */ = {isa = PBXFileReference; lastKnownFileType = sourcecode.c.h; path = StaticObject.h; sourceTree = "<group>"; };
		204292D715CEAEF000665276 /* Bullet.h */ = {isa = PBXFileReference; lastKnownFileType = sourcecode.c.h; path = Bullet.h; sourceTree = "<group>"; };
		204292D915CEAFFC00665276 /* Particle.h */ = {isa = PBXFileReference; lastKnownFileType = sourcecode.c.h; path = Particle.h; sourceTree = "<group>"; };
		204292DE15CECADA00665276 /* Spawner.h */ = {isa = PBXFileReference; lastKnownFileType = sourcecode.c.h; path = Spawner.h; sourceTree = "<group>"; };
		204292E115CED72800665276 /* Villager.h */ = {isa = PBXFileReference; lastKnownFileType = sourcecode.c.h; path = Villager.h; sourceTree = "<group>"; };
		204292E215CED8F000665276 /* Hut.h */ = {isa = PBXFileReference; lastKnownFileType = sourcecode.c.h; path = Hut.h; sourceTree = "<group>"; };
		204292E515CF209200665276 /* clone_ptr.h */ = {isa = PBXFileReference; lastKnownFileType = sourcecode.c.h; path = clone_ptr.h; sourceTree = "<group>"; };
		2058B8A115CCE5CF00C316BB /* Viewport.cpp */ = {isa = PBXFileReference; fileEncoding = 4; lastKnownFileType = sourcecode.cpp.cpp; path = Viewport.cpp; sourceTree = "<group>"; };
		2058B8A215CCE5CF00C316BB /* Viewport.h */ = {isa = PBXFileReference; fileEncoding = 4; lastKnownFileType = sourcecode.c.h; path = Viewport.h; sourceTree = "<group>"; };
		2058B8A515CCF2BD00C316BB /* GroundHeightmap.cpp */ = {isa = PBXFileReference; fileEncoding = 4; lastKnownFileType = sourcecode.cpp.cpp; path = GroundHeightmap.cpp; sourceTree = "<group>"; };
		2058B8A615CCF2BD00C316BB /* GroundHeightmap.h */ = {isa = PBXFileReference; fileEncoding = 4; lastKnownFileType = sourcecode.c.h; path = GroundHeightmap.h; sourceTree = "<group>"; };
		2058B8AE15CCFAC700C316BB /* GameObject.cpp */ = {isa = PBXFileReference; fileEncoding = 4; lastKnownFileType = sourcecode.cpp.cpp; path = GameObject.cpp; sourceTree = "<group>"; };
		2058B8AF15CCFAC700C316BB /* GameObject.h */ = {isa = PBXFileReference; fileEncoding = 4; lastKnownFileType = sourcecode.c.h; path = GameObject.h; sourceTree = "<group>"; };
		2058B8B115CD081500C316BB /* GameObjManager.cpp */ = {isa = PBXFileReference; fileEncoding = 4; lastKnownFileType = sourcecode.cpp.cpp; path = GameObjManager.cpp; sourceTree = "<group>"; };
		2058B8B215CD081500C316BB /* GameObjManager.h */ = {isa = PBXFileReference; fileEncoding = 4; lastKnownFileType = sourcecode.c.h; path = GameObjManager.h; sourceTree = "<group>"; };
		2072A3C715CF5592002FF45C /* DragonRoar.ogg */ = {isa = PBXFileReference; lastKnownFileType = file; path = DragonRoar.ogg; sourceTree = "<group>"; };
		2072A3C815CF5592002FF45C /* FireLoop.ogg */ = {isa = PBXFileReference; lastKnownFileType = file; path = FireLoop.ogg; sourceTree = "<group>"; };
		2072A3C915CF5592002FF45C /* Footstep1.ogg */ = {isa = PBXFileReference; lastKnownFileType = file; path = Footstep1.ogg; sourceTree = "<group>"; };
		2072A3CA15CF5592002FF45C /* Footstep2.ogg */ = {isa = PBXFileReference; lastKnownFileType = file; path = Footstep2.ogg; sourceTree = "<group>"; };
		2072A3CB15CF5592002FF45C /* Footstep3.ogg */ = {isa = PBXFileReference; lastKnownFileType = file; path = Footstep3.ogg; sourceTree = "<group>"; };
		2072A3CD15CF5592002FF45C /* GameMus.ogg */ = {isa = PBXFileReference; lastKnownFileType = file; path = GameMus.ogg; sourceTree = "<group>"; };
		2072A3CE15CF5592002FF45C /* Lazor.ogg */ = {isa = PBXFileReference; lastKnownFileType = file; path = Lazor.ogg; sourceTree = "<group>"; };
		2072A3CF15CF5592002FF45C /* Screams1.ogg */ = {isa = PBXFileReference; lastKnownFileType = file; path = Screams1.ogg; sourceTree = "<group>"; };
		2072A3D015CF5592002FF45C /* Screams2.ogg */ = {isa = PBXFileReference; lastKnownFileType = file; path = Screams2.ogg; sourceTree = "<group>"; };
		2072A3D115CF5592002FF45C /* Screams3.ogg */ = {isa = PBXFileReference; lastKnownFileType = file; path = Screams3.ogg; sourceTree = "<group>"; };
		2072A3E015CF5D1F002FF45C /* SimpleAnimation.h */ = {isa = PBXFileReference; lastKnownFileType = sourcecode.c.h; path = SimpleAnimation.h; sourceTree = "<group>"; };
		2072A3E515CF9AC2002FF45C /* DragonAnimation.h */ = {isa = PBXFileReference; lastKnownFileType = sourcecode.c.h; path = DragonAnimation.h; sourceTree = "<group>"; };
		2072A3EF15CFBD0D002FF45C /* DragonSmallDive0.png */ = {isa = PBXFileReference; lastKnownFileType = image.png; path = DragonSmallDive0.png; sourceTree = "<group>"; };
		2072A3F015CFBD0E002FF45C /* DragonSmallDive1.png */ = {isa = PBXFileReference; lastKnownFileType = image.png; path = DragonSmallDive1.png; sourceTree = "<group>"; };
		2072A3F115CFBD0E002FF45C /* DragonSmallDive2.png */ = {isa = PBXFileReference; lastKnownFileType = image.png; path = DragonSmallDive2.png; sourceTree = "<group>"; };
		2072A3F215CFBD0F002FF45C /* DragonSmallDive3.png */ = {isa = PBXFileReference; lastKnownFileType = image.png; path = DragonSmallDive3.png; sourceTree = "<group>"; };
		2072A3F315CFBD11002FF45C /* DragonSmallGlide0.png */ = {isa = PBXFileReference; lastKnownFileType = image.png; path = DragonSmallGlide0.png; sourceTree = "<group>"; };
		2072A3F415CFBD11002FF45C /* DragonSmallGlide1.png */ = {isa = PBXFileReference; lastKnownFileType = image.png; path = DragonSmallGlide1.png; sourceTree = "<group>"; };
		2072A3F515CFBD11002FF45C /* DragonSmallGlide2.png */ = {isa = PBXFileReference; lastKnownFileType = image.png; path = DragonSmallGlide2.png; sourceTree = "<group>"; };
		2072A3F615CFBD12002FF45C /* DragonSmallGlide3.png */ = {isa = PBXFileReference; lastKnownFileType = image.png; path = DragonSmallGlide3.png; sourceTree = "<group>"; };
		2072A3F715CFBD13002FF45C /* dragonsmallrun0.png */ = {isa = PBXFileReference; lastKnownFileType = image.png; path = dragonsmallrun0.png; sourceTree = "<group>"; };
		2072A3F815CFBD13002FF45C /* dragonsmallrun1.png */ = {isa = PBXFileReference; lastKnownFileType = image.png; path = dragonsmallrun1.png; sourceTree = "<group>"; };
		2072A3F915CFBD13002FF45C /* dragonsmallrun2.png */ = {isa = PBXFileReference; lastKnownFileType = image.png; path = dragonsmallrun2.png; sourceTree = "<group>"; };
		2072A3FA15CFBD14002FF45C /* dragonsmallrun3.png */ = {isa = PBXFileReference; lastKnownFileType = image.png; path = dragonsmallrun3.png; sourceTree = "<group>"; };
		2072A3FB15CFBD14002FF45C /* dragonsmallrun4.png */ = {isa = PBXFileReference; lastKnownFileType = image.png; path = dragonsmallrun4.png; sourceTree = "<group>"; };
		2072A3FC15CFBD15002FF45C /* dragonsmallrun5.png */ = {isa = PBXFileReference; lastKnownFileType = image.png; path = dragonsmallrun5.png; sourceTree = "<group>"; };
		2077483B15CD51E7000EAED4 /* Dragon.cpp */ = {isa = PBXFileReference; fileEncoding = 4; lastKnownFileType = sourcecode.cpp.cpp; path = Dragon.cpp; sourceTree = "<group>"; };
		2077483C15CD51E7000EAED4 /* Dragon.h */ = {isa = PBXFileReference; fileEncoding = 4; lastKnownFileType = sourcecode.c.h; path = Dragon.h; sourceTree = "<group>"; };
		2077483F15CD62D6000EAED4 /* Geometry.h */ = {isa = PBXFileReference; lastKnownFileType = sourcecode.c.h; path = Geometry.h; sourceTree = "<group>"; };
		207F585715CCD7C60037B9D9 /* TINSGame2012-Info.plist */ = {isa = PBXFileReference; fileEncoding = 4; lastKnownFileType = text.plist.xml; path = "TINSGame2012-Info.plist"; sourceTree = "<group>"; };
		207F585915CCD7E90037B9D9 /* main.cpp */ = {isa = PBXFileReference; fileEncoding = 4; lastKnownFileType = sourcecode.cpp.cpp; lineEnding = 0; path = main.cpp; sourceTree = "<group>"; xcLanguageSpecificationIdentifier = xcode.lang.cpp; };
		207F585C15CCDB410037B9D9 /* liballegro_acodec.5.0.7.dylib */ = {isa = PBXFileReference; lastKnownFileType = "compiled.mach-o.dylib"; name = liballegro_acodec.5.0.7.dylib; path = ../../../ext/allegro/lib/liballegro_acodec.5.0.7.dylib; sourceTree = "<group>"; };
		207F585D15CCDB410037B9D9 /* liballegro_audio.5.0.7.dylib */ = {isa = PBXFileReference; lastKnownFileType = "compiled.mach-o.dylib"; name = liballegro_audio.5.0.7.dylib; path = ../../../ext/allegro/lib/liballegro_audio.5.0.7.dylib; sourceTree = "<group>"; };
		207F585E15CCDB410037B9D9 /* liballegro_color.5.0.7.dylib */ = {isa = PBXFileReference; lastKnownFileType = "compiled.mach-o.dylib"; name = liballegro_color.5.0.7.dylib; path = ../../../ext/allegro/lib/liballegro_color.5.0.7.dylib; sourceTree = "<group>"; };
		207F585F15CCDB410037B9D9 /* liballegro_dialog.5.0.7.dylib */ = {isa = PBXFileReference; lastKnownFileType = "compiled.mach-o.dylib"; name = liballegro_dialog.5.0.7.dylib; path = ../../../ext/allegro/lib/liballegro_dialog.5.0.7.dylib; sourceTree = "<group>"; };
		207F586015CCDB410037B9D9 /* liballegro_font.5.0.7.dylib */ = {isa = PBXFileReference; lastKnownFileType = "compiled.mach-o.dylib"; name = liballegro_font.5.0.7.dylib; path = ../../../ext/allegro/lib/liballegro_font.5.0.7.dylib; sourceTree = "<group>"; };
		207F586115CCDB410037B9D9 /* liballegro_image.5.0.7.dylib */ = {isa = PBXFileReference; lastKnownFileType = "compiled.mach-o.dylib"; name = liballegro_image.5.0.7.dylib; path = ../../../ext/allegro/lib/liballegro_image.5.0.7.dylib; sourceTree = "<group>"; };
		207F586215CCDB410037B9D9 /* liballegro_main.5.0.7.dylib */ = {isa = PBXFileReference; lastKnownFileType = "compiled.mach-o.dylib"; name = liballegro_main.5.0.7.dylib; path = ../../../ext/allegro/lib/liballegro_main.5.0.7.dylib; sourceTree = "<group>"; };
		207F586315CCDB410037B9D9 /* liballegro_memfile.5.0.7.dylib */ = {isa = PBXFileReference; lastKnownFileType = "compiled.mach-o.dylib"; name = liballegro_memfile.5.0.7.dylib; path = ../../../ext/allegro/lib/liballegro_memfile.5.0.7.dylib; sourceTree = "<group>"; };
		207F586415CCDB410037B9D9 /* liballegro_primitives.5.0.7.dylib */ = {isa = PBXFileReference; lastKnownFileType = "compiled.mach-o.dylib"; name = liballegro_primitives.5.0.7.dylib; path = ../../../ext/allegro/lib/liballegro_primitives.5.0.7.dylib; sourceTree = "<group>"; };
		207F586515CCDB410037B9D9 /* liballegro_ttf.5.0.7.dylib */ = {isa = PBXFileReference; lastKnownFileType = "compiled.mach-o.dylib"; name = liballegro_ttf.5.0.7.dylib; path = ../../../ext/allegro/lib/liballegro_ttf.5.0.7.dylib; sourceTree = "<group>"; };
		207F586615CCDB410037B9D9 /* liballegro.5.0.7.dylib */ = {isa = PBXFileReference; lastKnownFileType = "compiled.mach-o.dylib"; name = liballegro.5.0.7.dylib; path = ../../../ext/allegro/lib/liballegro.5.0.7.dylib; sourceTree = "<group>"; };
		20BCD63215CE25E4001BE033 /* Primes.h */ = {isa = PBXFileReference; lastKnownFileType = sourcecode.c.h; path = Primes.h; sourceTree = "<group>"; };
		20BCD63715CE4609001BE033 /* AllPrimes.h */ = {isa = PBXFileReference; fileEncoding = 4; lastKnownFileType = sourcecode.c.h; path = AllPrimes.h; sourceTree = "<group>"; };
		20BCD63815CE462E001BE033 /* Primes.cpp */ = {isa = PBXFileReference; fileEncoding = 4; lastKnownFileType = sourcecode.cpp.cpp; path = Primes.cpp; sourceTree = "<group>"; };
		20BCD64315CE5EEE001BE033 /* CaveBackground.png */ = {isa = PBXFileReference; lastKnownFileType = image.png; path = CaveBackground.png; sourceTree = "<group>"; };
		20BCD64415CE5EEE001BE033 /* CaveFlamerangeDown.png */ = {isa = PBXFileReference; lastKnownFileType = image.png; path = CaveFlamerangeDown.png; sourceTree = "<group>"; };
		20BCD64515CE5EEE001BE033 /* CaveFlamerangeUp.png */ = {isa = PBXFileReference; lastKnownFileType = image.png; path = CaveFlamerangeUp.png; sourceTree = "<group>"; };
		20BCD64715CE5EEE001BE033 /* CaveReturnDown.png */ = {isa = PBXFileReference; lastKnownFileType = image.png; path = CaveReturnDown.png; sourceTree = "<group>"; };
		20BCD64815CE5EEE001BE033 /* CaveReturnUp.png */ = {isa = PBXFileReference; lastKnownFileType = image.png; path = CaveReturnUp.png; sourceTree = "<group>"; };
		20BCD64915CE5EEE001BE033 /* CaveSizeDown.png */ = {isa = PBXFileReference; lastKnownFileType = image.png; path = CaveSizeDown.png; sourceTree = "<group>"; };
		20BCD64A15CE5EEE001BE033 /* CaveSizeUp.png */ = {isa = PBXFileReference; lastKnownFileType = image.png; path = CaveSizeUp.png; sourceTree = "<group>"; };
		20BCD64C15CE5EEE001BE033 /* CaveWingspanDown.png */ = {isa = PBXFileReference; lastKnownFileType = image.png; path = CaveWingspanDown.png; sourceTree = "<group>"; };
		20BCD64D15CE5EEE001BE033 /* CaveWingspanUp.png */ = {isa = PBXFileReference; lastKnownFileType = image.png; path = CaveWingspanUp.png; sourceTree = "<group>"; };
		20BCD64E15CE5EEE001BE033 /* MenuContinueDown.png */ = {isa = PBXFileReference; lastKnownFileType = image.png; path = MenuContinueDown.png; sourceTree = "<group>"; };
		20BCD64F15CE5EEE001BE033 /* MenuContinueGrey.png */ = {isa = PBXFileReference; lastKnownFileType = image.png; path = MenuContinueGrey.png; sourceTree = "<group>"; };
		20BCD65015CE5EEE001BE033 /* MenuContinueUp.png */ = {isa = PBXFileReference; lastKnownFileType = image.png; path = MenuContinueUp.png; sourceTree = "<group>"; };
		20BCD65115CE5EEE001BE033 /* MenuExitDown.png */ = {isa = PBXFileReference; lastKnownFileType = image.png; path = MenuExitDown.png; sourceTree = "<group>"; };
		20BCD65215CE5EEE001BE033 /* MenuExitUp.png */ = {isa = PBXFileReference; lastKnownFileType = image.png; path = MenuExitUp.png; sourceTree = "<group>"; };
		20BCD65315CE5EEE001BE033 /* MenuInstructionsDown.png */ = {isa = PBXFileReference; lastKnownFileType = image.png; path = MenuInstructionsDown.png; sourceTree = "<group>"; };
		20BCD65415CE5EEE001BE033 /* MenuInstructionsUp.png */ = {isa = PBXFileReference; lastKnownFileType = image.png; path = MenuInstructionsUp.png; sourceTree = "<group>"; };
		20BCD65515CE5EEE001BE033 /* MenuMus.ogg */ = {isa = PBXFileReference; lastKnownFileType = file; path = MenuMus.ogg; sourceTree = "<group>"; };
		20BCD65615CE5EEE001BE033 /* MenuNewGameDown.png */ = {isa = PBXFileReference; lastKnownFileType = image.png; path = MenuNewGameDown.png; sourceTree = "<group>"; };
		20BCD65715CE5EEE001BE033 /* MenuNewGameUp.png */ = {isa = PBXFileReference; lastKnownFileType = image.png; path = MenuNewGameUp.png; sourceTree = "<group>"; };
		20BCD65815CE5EEE001BE033 /* MenuTitle.png */ = {isa = PBXFileReference; lastKnownFileType = image.png; path = MenuTitle.png; sourceTree = "<group>"; };
		20D4680F15CE86FF00D76210 /* CaveEmbossedTile.png */ = {isa = PBXFileReference; lastKnownFileType = image.png; path = CaveEmbossedTile.png; sourceTree = "<group>"; };
		20D4681015CE86FF00D76210 /* CaveFlameCooldownDown.png */ = {isa = PBXFileReference; lastKnownFileType = image.png; path = CaveFlameCooldownDown.png; sourceTree = "<group>"; };
		20D4681115CE86FF00D76210 /* CaveFlameCooldownUp.png */ = {isa = PBXFileReference; lastKnownFileType = image.png; path = CaveFlameCooldownUp.png; sourceTree = "<group>"; };
		20D4681215CE86FF00D76210 /* CaveReturnGrey.png */ = {isa = PBXFileReference; lastKnownFileType = image.png; path = CaveReturnGrey.png; sourceTree = "<group>"; };
		20D4681315CE86FF00D76210 /* CaveStaminaDown.png */ = {isa = PBXFileReference; lastKnownFileType = image.png; path = CaveStaminaDown.png; sourceTree = "<group>"; };
		20D4681415CE86FF00D76210 /* CaveStaminaUp.png */ = {isa = PBXFileReference; lastKnownFileType = image.png; path = CaveStaminaUp.png; sourceTree = "<group>"; };
		20D4681B15CE980000D76210 /* NumberSheet10.png */ = {isa = PBXFileReference; lastKnownFileType = image.png; path = NumberSheet10.png; sourceTree = "<group>"; };
		20D4681D15CEA07500D76210 /* Bitmap.h */ = {isa = PBXFileReference; lastKnownFileType = sourcecode.c.h; path = Bitmap.h; sourceTree = "<group>"; };
		20D4682115CEC05900D76210 /* Game.cpp */ = {isa = PBXFileReference; fileEncoding = 4; lastKnownFileType = sourcecode.cpp.cpp; path = Game.cpp; sourceTree = "<group>"; };
		20D4682615CF4F6900D76210 /* GameUI.png */ = {isa = PBXFileReference; lastKnownFileType = image.png; path = GameUI.png; sourceTree = "<group>"; };
		20D4682B15CF5E6D00D76210 /* Timer.h */ = {isa = PBXFileReference; lastKnownFileType = sourcecode.c.h; path = Timer.h; sourceTree = "<group>"; };
		20D4682C15CF5E7B00D76210 /* EventQueue.h */ = {isa = PBXFileReference; lastKnownFileType = sourcecode.c.h; path = EventQueue.h; sourceTree = "<group>"; };
		20D4683415CF722300D76210 /* Villager1.png */ = {isa = PBXFileReference; lastKnownFileType = image.png; path = Villager1.png; sourceTree = "<group>"; };
		20D4683815CF98BA00D76210 /* Filesystem.h */ = {isa = PBXFileReference; lastKnownFileType = sourcecode.c.h; path = Filesystem.h; sourceTree = "<group>"; };
		20D4683C15CFA8B400D76210 /* Mountains.png */ = {isa = PBXFileReference; lastKnownFileType = image.png; path = Mountains.png; sourceTree = "<group>"; };
		20D4683D15CFA8B400D76210 /* Cave.png */ = {isa = PBXFileReference; lastKnownFileType = image.png; path = Cave.png; sourceTree = "<group>"; };
		20D4683E15CFA8B400D76210 /* Pause.png */ = {isa = PBXFileReference; lastKnownFileType = image.png; path = Pause.png; sourceTree = "<group>"; };
		20D4683F15CFA8B400D76210 /* DragonSmallJump6.png */ = {isa = PBXFileReference; lastKnownFileType = image.png; path = DragonSmallJump6.png; sourceTree = "<group>"; };
		20D4684015CFA8B400D76210 /* DragonSmallJump3.png */ = {isa = PBXFileReference; lastKnownFileType = image.png; path = DragonSmallJump3.png; sourceTree = "<group>"; };
		20D4684115CFA8B400D76210 /* DragonSmallJump4.png */ = {isa = PBXFileReference; lastKnownFileType = image.png; path = DragonSmallJump4.png; sourceTree = "<group>"; };
		20D4684215CFA8B400D76210 /* DragonSmallJump2.png */ = {isa = PBXFileReference; lastKnownFileType = image.png; path = DragonSmallJump2.png; sourceTree = "<group>"; };
		20D4684315CFA8B400D76210 /* DragonSmallFly3.png */ = {isa = PBXFileReference; lastKnownFileType = image.png; path = DragonSmallFly3.png; sourceTree = "<group>"; };
		20D4684415CFA8B400D76210 /* DragonSmallJump5.png */ = {isa = PBXFileReference; lastKnownFileType = image.png; path = DragonSmallJump5.png; sourceTree = "<group>"; };
		20D4684515CFA8B400D76210 /* DragonSmallJump1.png */ = {isa = PBXFileReference; lastKnownFileType = image.png; path = DragonSmallJump1.png; sourceTree = "<group>"; };
		20D4684615CFA8B400D76210 /* DragonSmallFly1.png */ = {isa = PBXFileReference; lastKnownFileType = image.png; path = DragonSmallFly1.png; sourceTree = "<group>"; };
		20D4684815CFA8B400D76210 /* DragonSmallFly2.png */ = {isa = PBXFileReference; lastKnownFileType = image.png; path = DragonSmallFly2.png; sourceTree = "<group>"; };
		20D4684915CFA8B400D76210 /* StaminaEmpty.png */ = {isa = PBXFileReference; lastKnownFileType = image.png; path = StaminaEmpty.png; sourceTree = "<group>"; };
		20D4684A15CFA8B400D76210 /* StaminaFull.png */ = {isa = PBXFileReference; lastKnownFileType = image.png; path = StaminaFull.png; sourceTree = "<group>"; };
		20D4684C15CFA8B400D76210 /* Alien2.png */ = {isa = PBXFileReference; lastKnownFileType = image.png; path = Alien2.png; sourceTree = "<group>"; };
		20D4684D15CFA8B400D76210 /* Alien1.png */ = {isa = PBXFileReference; lastKnownFileType = image.png; path = Alien1.png; sourceTree = "<group>"; };
		20D4684F15CFA8B400D76210 /* Alien3.png */ = {isa = PBXFileReference; lastKnownFileType = image.png; path = Alien3.png; sourceTree = "<group>"; };
		20D4685015CFA8B400D76210 /* HealthFull.png */ = {isa = PBXFileReference; lastKnownFileType = image.png; path = HealthFull.png; sourceTree = "<group>"; };
		20D4685115CFA8B400D76210 /* FlameCDFull.png */ = {isa = PBXFileReference; lastKnownFileType = image.png; path = FlameCDFull.png; sourceTree = "<group>"; };
		20D4685215CFA8B400D76210 /* HealthEmpty.png */ = {isa = PBXFileReference; lastKnownFileType = image.png; path = HealthEmpty.png; sourceTree = "<group>"; };
		20D4685315CFA8B400D76210 /* FlameCDEmpty.png */ = {isa = PBXFileReference; lastKnownFileType = image.png; path = FlameCDEmpty.png; sourceTree = "<group>"; };
		20D4685415CFA8B400D76210 /* Flame3.png */ = {isa = PBXFileReference; lastKnownFileType = image.png; path = Flame3.png; sourceTree = "<group>"; };
		20D4685515CFA8B400D76210 /* Spear.png */ = {isa = PBXFileReference; lastKnownFileType = image.png; path = Spear.png; sourceTree = "<group>"; };
		20D4685615CFA8B400D76210 /* Flame1.png */ = {isa = PBXFileReference; lastKnownFileType = image.png; path = Flame1.png; sourceTree = "<group>"; };
		20D4685715CFA8B400D76210 /* Flame2.png */ = {isa = PBXFileReference; lastKnownFileType = image.png; path = Flame2.png; sourceTree = "<group>"; };
		20D4685915CFA8B400D76210 /* Laser.png */ = {isa = PBXFileReference; lastKnownFileType = image.png; path = Laser.png; sourceTree = "<group>"; };
		20D4685A15CFA8B400D76210 /* Scared.png */ = {isa = PBXFileReference; lastKnownFileType = image.png; path = Scared.png; sourceTree = "<group>"; };
		20D4687A15CFAA1200D76210 /* Alien0.png */ = {isa = PBXFileReference; lastKnownFileType = image.png; path = Alien0.png; sourceTree = "<group>"; };
		20D4687B15CFAA1200D76210 /* DragonSmallFly0.png */ = {isa = PBXFileReference; lastKnownFileType = image.png; path = DragonSmallFly0.png; sourceTree = "<group>"; };
		20D4687C15CFAA1200D76210 /* DragonSmallJump0.png */ = {isa = PBXFileReference; lastKnownFileType = image.png; path = DragonSmallJump0.png; sourceTree = "<group>"; };
		20D4687D15CFAA1200D76210 /* Flame0.png */ = {isa = PBXFileReference; lastKnownFileType = image.png; path = Flame0.png; sourceTree = "<group>"; };
		20D4687E15CFAA1200D76210 /* Footstep0.ogg */ = {isa = PBXFileReference; lastKnownFileType = file; path = Footstep0.ogg; sourceTree = "<group>"; };
		20D4687F15CFAA1200D76210 /* Screams0.ogg */ = {isa = PBXFileReference; lastKnownFileType = file; path = Screams0.ogg; sourceTree = "<group>"; };
		20D4688015CFAA1200D76210 /* Villager0.png */ = {isa = PBXFileReference; lastKnownFileType = image.png; path = Villager0.png; sourceTree = "<group>"; };
		20E735E715CD06B800A4F90B /* Globals.h */ = {isa = PBXFileReference; lastKnownFileType = sourcecode.c.h; lineEnding = 0; path = Globals.h; sourceTree = "<group>"; xcLanguageSpecificationIdentifier = xcode.lang.objcpp; };
		20E735EF15CD091100A4F90B /* MenuBackground.png */ = {isa = PBXFileReference; lastKnownFileType = image.png; path = MenuBackground.png; sourceTree = "<group>"; };
		20E7360215CD2EA000A4F90B /* Scene.h */ = {isa = PBXFileReference; lastKnownFileType = sourcecode.c.h; path = Scene.h; sourceTree = "<group>"; };
		20E7360315CD305400A4F90B /* MainMenu.h */ = {isa = PBXFileReference; lastKnownFileType = sourcecode.c.h; path = MainMenu.h; sourceTree = "<group>"; };
		20E7360415CD30F300A4F90B /* InputState.h */ = {isa = PBXFileReference; lastKnownFileType = sourcecode.c.h; path = InputState.h; sourceTree = "<group>"; };
		20E7360515CD465100A4F90B /* Game.h */ = {isa = PBXFileReference; lastKnownFileType = sourcecode.c.h; path = Game.h; sourceTree = "<group>"; };
		20E7360815CD67EB00A4F90B /* Rect.h */ = {isa = PBXFileReference; lastKnownFileType = sourcecode.c.h; path = Rect.h; sourceTree = "<group>"; };
		20E7360B15CD768700A4F90B /* MainMenu.cpp */ = {isa = PBXFileReference; fileEncoding = 4; lastKnownFileType = sourcecode.cpp.cpp; path = MainMenu.cpp; sourceTree = "<group>"; };
		20EF027715CE128800E86905 /* GameSave.cpp */ = {isa = PBXFileReference; fileEncoding = 4; lastKnownFileType = sourcecode.cpp.cpp; path = GameSave.cpp; sourceTree = "<group>"; };
		20FE1FB515CCD6250055B92B /* TINSGame2012.app */ = {isa = PBXFileReference; explicitFileType = wrapper.application; includeInIndex = 0; name = TINSGame2012.app; path = "Chocozumas Revenge.app"; sourceTree = BUILT_PRODUCTS_DIR; };
		20FE1FB915CCD6250055B92B /* Cocoa.framework */ = {isa = PBXFileReference; lastKnownFileType = wrapper.framework; name = Cocoa.framework; path = System/Library/Frameworks/Cocoa.framework; sourceTree = SDKROOT; };
		20FE1FBC15CCD6250055B92B /* AppKit.framework */ = {isa = PBXFileReference; lastKnownFileType = wrapper.framework; name = AppKit.framework; path = System/Library/Frameworks/AppKit.framework; sourceTree = SDKROOT; };
		20FE1FBD15CCD6250055B92B /* CoreData.framework */ = {isa = PBXFileReference; lastKnownFileType = wrapper.framework; name = CoreData.framework; path = System/Library/Frameworks/CoreData.framework; sourceTree = SDKROOT; };
		20FE1FBE15CCD6250055B92B /* Foundation.framework */ = {isa = PBXFileReference; lastKnownFileType = wrapper.framework; name = Foundation.framework; path = System/Library/Frameworks/Foundation.framework; sourceTree = SDKROOT; };
/* End PBXFileReference section */

/* Begin PBXFrameworksBuildPhase section */
		20FE1FB215CCD6250055B92B /* Frameworks */ = {
			isa = PBXFrameworksBuildPhase;
			buildActionMask = 2147483647;
			files = (
				20FE1FBA15CCD6250055B92B /* Cocoa.framework in Frameworks */,
				207F586715CCDB410037B9D9 /* liballegro_acodec.5.0.7.dylib in Frameworks */,
				207F586815CCDB410037B9D9 /* liballegro_audio.5.0.7.dylib in Frameworks */,
				207F586915CCDB410037B9D9 /* liballegro_color.5.0.7.dylib in Frameworks */,
				207F586A15CCDB410037B9D9 /* liballegro_dialog.5.0.7.dylib in Frameworks */,
				207F586B15CCDB410037B9D9 /* liballegro_font.5.0.7.dylib in Frameworks */,
				207F586C15CCDB410037B9D9 /* liballegro_image.5.0.7.dylib in Frameworks */,
				207F586D15CCDB410037B9D9 /* liballegro_main.5.0.7.dylib in Frameworks */,
				207F586E15CCDB410037B9D9 /* liballegro_memfile.5.0.7.dylib in Frameworks */,
				207F586F15CCDB410037B9D9 /* liballegro_primitives.5.0.7.dylib in Frameworks */,
				207F587015CCDB410037B9D9 /* liballegro_ttf.5.0.7.dylib in Frameworks */,
				207F587115CCDB410037B9D9 /* liballegro.5.0.7.dylib in Frameworks */,
			);
			runOnlyForDeploymentPostprocessing = 0;
		};
/* End PBXFrameworksBuildPhase section */

/* Begin PBXGroup section */
		2058B89F15CCE10600C316BB /* phys */ = {
			isa = PBXGroup;
			children = (
				20BCD63715CE4609001BE033 /* AllPrimes.h */,
				20BCD63215CE25E4001BE033 /* Primes.h */,
				20BCD63815CE462E001BE033 /* Primes.cpp */,
				2058B8A615CCF2BD00C316BB /* GroundHeightmap.h */,
				2058B8A515CCF2BD00C316BB /* GroundHeightmap.cpp */,
			);
			path = phys;
			sourceTree = "<group>";
		};
		2058B8A415CCE5E900C316BB /* cam */ = {
			isa = PBXGroup;
			children = (
				2058B8A115CCE5CF00C316BB /* Viewport.cpp */,
				2058B8A215CCE5CF00C316BB /* Viewport.h */,
			);
			path = cam;
			sourceTree = "<group>";
		};
		2058B8AC15CCFA9600C316BB /* obj */ = {
			isa = PBXGroup;
			children = (
				2058B8AE15CCFAC700C316BB /* GameObject.cpp */,
				2058B8AF15CCFAC700C316BB /* GameObject.h */,
				2058B8B115CD081500C316BB /* GameObjManager.cpp */,
				2058B8B215CD081500C316BB /* GameObjManager.h */,
				2077483C15CD51E7000EAED4 /* Dragon.h */,
				2077483B15CD51E7000EAED4 /* Dragon.cpp */,
				2077483F15CD62D6000EAED4 /* Geometry.h */,
				20E7360815CD67EB00A4F90B /* Rect.h */,
				204292A915CDF69900665276 /* DragonStats.h */,
			);
			path = obj;
			sourceTree = "<group>";
		};
		205E8C2B15CCD71900CD2AA5 /* src */ = {
			isa = PBXGroup;
			children = (
				20E7360115CD2E7700A4F90B /* scene */,
				2058B8AC15CCFA9600C316BB /* obj */,
				2058B8A415CCE5E900C316BB /* cam */,
				2058B89F15CCE10600C316BB /* phys */,
				20E735E715CD06B800A4F90B /* Globals.h */,
				20D4681D15CEA07500D76210 /* Bitmap.h */,
				20D4682C15CF5E7B00D76210 /* EventQueue.h */,
				20D4682B15CF5E6D00D76210 /* Timer.h */,
				20D4683815CF98BA00D76210 /* Filesystem.h */,
				207F585915CCD7E90037B9D9 /* main.cpp */,
				204292E515CF209200665276 /* clone_ptr.h */,
			);
			name = src;
			path = ../../../src;
			sourceTree = SOURCE_ROOT;
		};
		205E8C2C15CCD77C00CD2AA5 /* res */ = {
			isa = PBXGroup;
			children = (
				20D4687A15CFAA1200D76210 /* Alien0.png */,
				20D4684D15CFA8B400D76210 /* Alien1.png */,
				20D4684C15CFA8B400D76210 /* Alien2.png */,
				20D4684F15CFA8B400D76210 /* Alien3.png */,
				20D4683D15CFA8B400D76210 /* Cave.png */,
				20BCD64315CE5EEE001BE033 /* CaveBackground.png */,
				20D4680F15CE86FF00D76210 /* CaveEmbossedTile.png */,
				20D4681015CE86FF00D76210 /* CaveFlameCooldownDown.png */,
				20D4681115CE86FF00D76210 /* CaveFlameCooldownUp.png */,
				20BCD64415CE5EEE001BE033 /* CaveFlamerangeDown.png */,
				20BCD64515CE5EEE001BE033 /* CaveFlamerangeUp.png */,
				20BCD64715CE5EEE001BE033 /* CaveReturnDown.png */,
				20D4681215CE86FF00D76210 /* CaveReturnGrey.png */,
				20BCD64815CE5EEE001BE033 /* CaveReturnUp.png */,
				20BCD64915CE5EEE001BE033 /* CaveSizeDown.png */,
				20BCD64A15CE5EEE001BE033 /* CaveSizeUp.png */,
				20D4681315CE86FF00D76210 /* CaveStaminaDown.png */,
				20D4681415CE86FF00D76210 /* CaveStaminaUp.png */,
				20BCD64C15CE5EEE001BE033 /* CaveWingspanDown.png */,
				20BCD64D15CE5EEE001BE033 /* CaveWingspanUp.png */,
				2072A3C715CF5592002FF45C /* DragonRoar.ogg */,
				2072A3EF15CFBD0D002FF45C /* DragonSmallDive0.png */,
				2072A3F015CFBD0E002FF45C /* DragonSmallDive1.png */,
				2072A3F115CFBD0E002FF45C /* DragonSmallDive2.png */,
				2072A3F215CFBD0F002FF45C /* DragonSmallDive3.png */,
				20D4687B15CFAA1200D76210 /* DragonSmallFly0.png */,
				20D4684615CFA8B400D76210 /* DragonSmallFly1.png */,
				20D4684815CFA8B400D76210 /* DragonSmallFly2.png */,
				20D4684315CFA8B400D76210 /* DragonSmallFly3.png */,
				2072A3F315CFBD11002FF45C /* DragonSmallGlide0.png */,
				2072A3F415CFBD11002FF45C /* DragonSmallGlide1.png */,
				2072A3F515CFBD11002FF45C /* DragonSmallGlide2.png */,
				2072A3F615CFBD12002FF45C /* DragonSmallGlide3.png */,
				20D4687C15CFAA1200D76210 /* DragonSmallJump0.png */,
				20D4684515CFA8B400D76210 /* DragonSmallJump1.png */,
				20D4684215CFA8B400D76210 /* DragonSmallJump2.png */,
				20D4684015CFA8B400D76210 /* DragonSmallJump3.png */,
				20D4684115CFA8B400D76210 /* DragonSmallJump4.png */,
				20D4684415CFA8B400D76210 /* DragonSmallJump5.png */,
				20D4683F15CFA8B400D76210 /* DragonSmallJump6.png */,
				2072A3F715CFBD13002FF45C /* dragonsmallrun0.png */,
				2072A3F815CFBD13002FF45C /* dragonsmallrun1.png */,
				2072A3F915CFBD13002FF45C /* dragonsmallrun2.png */,
				2072A3FA15CFBD14002FF45C /* dragonsmallrun3.png */,
				2072A3FB15CFBD14002FF45C /* dragonsmallrun4.png */,
				2072A3FC15CFBD15002FF45C /* dragonsmallrun5.png */,
				204292B315CE239300665276 /* DragonSmallStand.png */,
				2072A3C815CF5592002FF45C /* FireLoop.ogg */,
				20D4687D15CFAA1200D76210 /* Flame0.png */,
				20D4685615CFA8B400D76210 /* Flame1.png */,
				20D4685715CFA8B400D76210 /* Flame2.png */,
				20D4685415CFA8B400D76210 /* Flame3.png */,
				20D4685315CFA8B400D76210 /* FlameCDEmpty.png */,
				20D4685115CFA8B400D76210 /* FlameCDFull.png */,
				20D4687E15CFAA1200D76210 /* Footstep0.ogg */,
				2072A3C915CF5592002FF45C /* Footstep1.ogg */,
				2072A3CA15CF5592002FF45C /* Footstep2.ogg */,
				2072A3CB15CF5592002FF45C /* Footstep3.ogg */,
				2072A3CD15CF5592002FF45C /* GameMus.ogg */,
				20D4682615CF4F6900D76210 /* GameUI.png */,
				20D4685215CFA8B400D76210 /* HealthEmpty.png */,
				20D4685015CFA8B400D76210 /* HealthFull.png */,
				20D4685915CFA8B400D76210 /* Laser.png */,
				2072A3CE15CF5592002FF45C /* Lazor.ogg */,
				204292B615CE341600665276 /* LevelFG.png */,
				204292C715CE7BC200665276 /* LevelSky.png */,
				20E735EF15CD091100A4F90B /* MenuBackground.png */,
				20BCD64E15CE5EEE001BE033 /* MenuContinueDown.png */,
				20BCD64F15CE5EEE001BE033 /* MenuContinueGrey.png */,
				20BCD65015CE5EEE001BE033 /* MenuContinueUp.png */,
				20BCD65115CE5EEE001BE033 /* MenuExitDown.png */,
				20BCD65215CE5EEE001BE033 /* MenuExitUp.png */,
				20BCD65315CE5EEE001BE033 /* MenuInstructionsDown.png */,
				20BCD65415CE5EEE001BE033 /* MenuInstructionsUp.png */,
				20BCD65515CE5EEE001BE033 /* MenuMus.ogg */,
				20BCD65615CE5EEE001BE033 /* MenuNewGameDown.png */,
				20BCD65715CE5EEE001BE033 /* MenuNewGameUp.png */,
				20BCD65815CE5EEE001BE033 /* MenuTitle.png */,
				20D4683C15CFA8B400D76210 /* Mountains.png */,
				20D4681B15CE980000D76210 /* NumberSheet10.png */,
				20D4683E15CFA8B400D76210 /* Pause.png */,
				20D4685A15CFA8B400D76210 /* Scared.png */,
				20D4687F15CFAA1200D76210 /* Screams0.ogg */,
				2072A3CF15CF5592002FF45C /* Screams1.ogg */,
				2072A3D015CF5592002FF45C /* Screams2.ogg */,
				2072A3D115CF5592002FF45C /* Screams3.ogg */,
				20D4685515CFA8B400D76210 /* Spear.png */,
				20D4684915CFA8B400D76210 /* StaminaEmpty.png */,
				20D4684A15CFA8B400D76210 /* StaminaFull.png */,
				207F585715CCD7C60037B9D9 /* TINSGame2012-Info.plist */,
				20D4688015CFAA1200D76210 /* Villager0.png */,
				20D4683415CF722300D76210 /* Villager1.png */,
			);
			name = res;
			path = ../../../res;
			sourceTree = SOURCE_ROOT;
		};
		20E7360115CD2E7700A4F90B /* scene */ = {
			isa = PBXGroup;
			children = (
				20E7360215CD2EA000A4F90B /* Scene.h */,
				20E7360315CD305400A4F90B /* MainMenu.h */,
				20E7360B15CD768700A4F90B /* MainMenu.cpp */,
				20E7360415CD30F300A4F90B /* InputState.h */,
				20E7360515CD465100A4F90B /* Game.h */,
				20D4682115CEC05900D76210 /* Game.cpp */,
				2039F88415CDF09100ABC061 /* Cave.h */,
				2039F88315CDF09100ABC061 /* Cave.cpp */,
				2039F88615CDF4BC00ABC061 /* GameSave.h */,
				20EF027715CE128800E86905 /* GameSave.cpp */,
				204292BC15CE52FE00665276 /* Renderable.h */,
				204292BE15CE53B100665276 /* RenderQueueSet.h */,
				204292C515CE74F900665276 /* Enemy.h */,
				204292E115CED72800665276 /* Villager.h */,
				204292D115CEA1FE00665276 /* StaticObject.h */,
				204292D715CEAEF000665276 /* Bullet.h */,
				204292D915CEAFFC00665276 /* Particle.h */,
				204292DE15CECADA00665276 /* Spawner.h */,
				204292E215CED8F000665276 /* Hut.h */,
				2072A3E015CF5D1F002FF45C /* SimpleAnimation.h */,
				2072A3E515CF9AC2002FF45C /* DragonAnimation.h */,
			);
			path = scene;
			sourceTree = "<group>";
		};
		20FE1FA815CCD5F90055B92B = {
			isa = PBXGroup;
			children = (
				205E8C2C15CCD77C00CD2AA5 /* res */,
				205E8C2B15CCD71900CD2AA5 /* src */,
				20FE1FB815CCD6250055B92B /* Frameworks */,
				20FE1FB615CCD6250055B92B /* Products */,
			);
			sourceTree = "<group>";
		};
		20FE1FB615CCD6250055B92B /* Products */ = {
			isa = PBXGroup;
			children = (
				20FE1FB515CCD6250055B92B /* TINSGame2012.app */,
			);
			name = Products;
			sourceTree = "<group>";
		};
		20FE1FB815CCD6250055B92B /* Frameworks */ = {
			isa = PBXGroup;
			children = (
				207F585C15CCDB410037B9D9 /* liballegro_acodec.5.0.7.dylib */,
				207F585D15CCDB410037B9D9 /* liballegro_audio.5.0.7.dylib */,
				207F585E15CCDB410037B9D9 /* liballegro_color.5.0.7.dylib */,
				207F585F15CCDB410037B9D9 /* liballegro_dialog.5.0.7.dylib */,
				207F586015CCDB410037B9D9 /* liballegro_font.5.0.7.dylib */,
				207F586115CCDB410037B9D9 /* liballegro_image.5.0.7.dylib */,
				207F586215CCDB410037B9D9 /* liballegro_main.5.0.7.dylib */,
				207F586315CCDB410037B9D9 /* liballegro_memfile.5.0.7.dylib */,
				207F586415CCDB410037B9D9 /* liballegro_primitives.5.0.7.dylib */,
				207F586515CCDB410037B9D9 /* liballegro_ttf.5.0.7.dylib */,
				207F586615CCDB410037B9D9 /* liballegro.5.0.7.dylib */,
				20FE1FB915CCD6250055B92B /* Cocoa.framework */,
				20FE1FBB15CCD6250055B92B /* Other Frameworks */,
			);
			name = Frameworks;
			sourceTree = "<group>";
		};
		20FE1FBB15CCD6250055B92B /* Other Frameworks */ = {
			isa = PBXGroup;
			children = (
				20FE1FBC15CCD6250055B92B /* AppKit.framework */,
				20FE1FBD15CCD6250055B92B /* CoreData.framework */,
				20FE1FBE15CCD6250055B92B /* Foundation.framework */,
			);
			name = "Other Frameworks";
			sourceTree = "<group>";
		};
/* End PBXGroup section */

/* Begin PBXNativeTarget section */
		20FE1FB415CCD6250055B92B /* Chocozumas Revenge */ = {
			isa = PBXNativeTarget;
			buildConfigurationList = 20FE1FD115CCD6250055B92B /* Build configuration list for PBXNativeTarget "Chocozumas Revenge" */;
			buildPhases = (
				20FE1FB115CCD6250055B92B /* Sources */,
				20FE1FB215CCD6250055B92B /* Frameworks */,
				20FE1FB315CCD6250055B92B /* Resources */,
			);
			buildRules = (
			);
			dependencies = (
			);
			name = "Chocozumas Revenge";
			productName = TINSGame2012;
			productReference = 20FE1FB515CCD6250055B92B /* TINSGame2012.app */;
			productType = "com.apple.product-type.application";
		};
/* End PBXNativeTarget section */

/* Begin PBXProject section */
		20FE1FAA15CCD5F90055B92B /* Project object */ = {
			isa = PBXProject;
			attributes = {
				LastUpgradeCheck = 0440;
			};
			buildConfigurationList = 20FE1FAD15CCD5F90055B92B /* Build configuration list for PBXProject "TINSGame2012" */;
			compatibilityVersion = "Xcode 3.2";
			developmentRegion = English;
			hasScannedForEncodings = 0;
			knownRegions = (
				en,
			);
			mainGroup = 20FE1FA815CCD5F90055B92B;
			productRefGroup = 20FE1FB615CCD6250055B92B /* Products */;
			projectDirPath = "";
			projectRoot = "";
			targets = (
				20FE1FB415CCD6250055B92B /* Chocozumas Revenge */,
			);
		};
/* End PBXProject section */

/* Begin PBXResourcesBuildPhase section */
		20FE1FB315CCD6250055B92B /* Resources */ = {
			isa = PBXResourcesBuildPhase;
			buildActionMask = 2147483647;
			files = (
				20E735FA15CD091100A4F90B /* MenuBackground.png in Resources */,
				204292B415CE239300665276 /* DragonSmallStand.png in Resources */,
				204292B715CE341600665276 /* LevelFG.png in Resources */,
				20BCD65915CE5EEE001BE033 /* CaveBackground.png in Resources */,
				20BCD65A15CE5EEE001BE033 /* CaveFlamerangeDown.png in Resources */,
				20BCD65B15CE5EEE001BE033 /* CaveFlamerangeUp.png in Resources */,
				20BCD65D15CE5EEE001BE033 /* CaveReturnDown.png in Resources */,
				20BCD65E15CE5EEE001BE033 /* CaveReturnUp.png in Resources */,
				20BCD65F15CE5EEE001BE033 /* CaveSizeDown.png in Resources */,
				20BCD66015CE5EEE001BE033 /* CaveSizeUp.png in Resources */,
				20BCD66215CE5EEE001BE033 /* CaveWingspanDown.png in Resources */,
				20BCD66315CE5EEE001BE033 /* CaveWingspanUp.png in Resources */,
				20BCD66415CE5EEE001BE033 /* MenuContinueDown.png in Resources */,
				20BCD66515CE5EEE001BE033 /* MenuContinueGrey.png in Resources */,
				20BCD66615CE5EEE001BE033 /* MenuContinueUp.png in Resources */,
				20BCD66715CE5EEE001BE033 /* MenuExitDown.png in Resources */,
				20BCD66815CE5EEE001BE033 /* MenuExitUp.png in Resources */,
				20BCD66915CE5EEE001BE033 /* MenuInstructionsDown.png in Resources */,
				20BCD66A15CE5EEE001BE033 /* MenuInstructionsUp.png in Resources */,
				20BCD66B15CE5EEE001BE033 /* MenuMus.ogg in Resources */,
				20BCD66C15CE5EEE001BE033 /* MenuNewGameDown.png in Resources */,
				20BCD66D15CE5EEE001BE033 /* MenuNewGameUp.png in Resources */,
				20BCD66E15CE5EEE001BE033 /* MenuTitle.png in Resources */,
				204292C815CE7BC200665276 /* LevelSky.png in Resources */,
				20D4681515CE86FF00D76210 /* CaveEmbossedTile.png in Resources */,
				20D4681615CE86FF00D76210 /* CaveFlameCooldownDown.png in Resources */,
				20D4681715CE86FF00D76210 /* CaveFlameCooldownUp.png in Resources */,
				20D4681815CE86FF00D76210 /* CaveReturnGrey.png in Resources */,
				20D4681915CE86FF00D76210 /* CaveStaminaDown.png in Resources */,
				20D4681A15CE86FF00D76210 /* CaveStaminaUp.png in Resources */,
				20D4681C15CE980000D76210 /* NumberSheet10.png in Resources */,
				20D4682715CF4F6900D76210 /* GameUI.png in Resources */,
				2072A3D315CF5592002FF45C /* DragonRoar.ogg in Resources */,
				2072A3D415CF5592002FF45C /* FireLoop.ogg in Resources */,
				2072A3D515CF5592002FF45C /* Footstep1.ogg in Resources */,
				2072A3D615CF5592002FF45C /* Footstep2.ogg in Resources */,
				2072A3D715CF5592002FF45C /* Footstep3.ogg in Resources */,
				2072A3D915CF5592002FF45C /* GameMus.ogg in Resources */,
				2072A3DA15CF5592002FF45C /* Lazor.ogg in Resources */,
				2072A3DB15CF5592002FF45C /* Screams1.ogg in Resources */,
				2072A3DC15CF5592002FF45C /* Screams2.ogg in Resources */,
				2072A3DD15CF5592002FF45C /* Screams3.ogg in Resources */,
				20D4683615CF722300D76210 /* Villager1.png in Resources */,
				20D4685B15CFA8B400D76210 /* Mountains.png in Resources */,
				20D4685C15CFA8B400D76210 /* Cave.png in Resources */,
				20D4685D15CFA8B400D76210 /* Pause.png in Resources */,
				20D4685E15CFA8B400D76210 /* DragonSmallJump6.png in Resources */,
				20D4685F15CFA8B400D76210 /* DragonSmallJump3.png in Resources */,
				20D4686015CFA8B400D76210 /* DragonSmallJump4.png in Resources */,
				20D4686115CFA8B400D76210 /* DragonSmallJump2.png in Resources */,
				20D4686215CFA8B400D76210 /* DragonSmallFly3.png in Resources */,
				20D4686315CFA8B400D76210 /* DragonSmallJump5.png in Resources */,
				20D4686415CFA8B400D76210 /* DragonSmallJump1.png in Resources */,
				20D4686515CFA8B400D76210 /* DragonSmallFly1.png in Resources */,
				20D4686715CFA8B400D76210 /* DragonSmallFly2.png in Resources */,
				20D4686815CFA8B400D76210 /* StaminaEmpty.png in Resources */,
				20D4686915CFA8B400D76210 /* StaminaFull.png in Resources */,
				20D4686B15CFA8B400D76210 /* Alien2.png in Resources */,
				20D4686C15CFA8B400D76210 /* Alien1.png in Resources */,
				20D4686E15CFA8B400D76210 /* Alien3.png in Resources */,
				20D4686F15CFA8B400D76210 /* HealthFull.png in Resources */,
				20D4687015CFA8B400D76210 /* FlameCDFull.png in Resources */,
				20D4687115CFA8B400D76210 /* HealthEmpty.png in Resources */,
				20D4687215CFA8B400D76210 /* FlameCDEmpty.png in Resources */,
				20D4687315CFA8B400D76210 /* Flame3.png in Resources */,
				20D4687415CFA8B400D76210 /* Spear.png in Resources */,
				20D4687515CFA8B400D76210 /* Flame1.png in Resources */,
				20D4687615CFA8B400D76210 /* Flame2.png in Resources */,
				20D4687815CFA8B400D76210 /* Laser.png in Resources */,
				20D4687915CFA8B400D76210 /* Scared.png in Resources */,
				20D4688115CFAA1200D76210 /* Alien0.png in Resources */,
				20D4688215CFAA1200D76210 /* DragonSmallFly0.png in Resources */,
				20D4688315CFAA1200D76210 /* DragonSmallJump0.png in Resources */,
				20D4688415CFAA1200D76210 /* Flame0.png in Resources */,
				20D4688515CFAA1200D76210 /* Footstep0.ogg in Resources */,
				20D4688615CFAA1200D76210 /* Screams0.ogg in Resources */,
				20D4688715CFAA1200D76210 /* Villager0.png in Resources */,
				2072A3FD15CFBD15002FF45C /* DragonSmallDive0.png in Resources */,
				2072A3FE15CFBD15002FF45C /* DragonSmallDive1.png in Resources */,
				2072A3FF15CFBD15002FF45C /* DragonSmallDive2.png in Resources */,
				2072A40015CFBD15002FF45C /* DragonSmallDive3.png in Resources */,
				2072A40115CFBD15002FF45C /* DragonSmallGlide0.png in Resources */,
				2072A40215CFBD15002FF45C /* DragonSmallGlide1.png in Resources */,
				2072A40315CFBD15002FF45C /* DragonSmallGlide2.png in Resources */,
				2072A40415CFBD15002FF45C /* DragonSmallGlide3.png in Resources */,
				2072A40515CFBD15002FF45C /* dragonsmallrun0.png in Resources */,
				2072A40615CFBD15002FF45C /* dragonsmallrun1.png in Resources */,
				2072A40715CFBD15002FF45C /* dragonsmallrun2.png in Resources */,
				2072A40815CFBD15002FF45C /* dragonsmallrun3.png in Resources */,
				2072A40915CFBD15002FF45C /* dragonsmallrun4.png in Resources */,
				2072A40A15CFBD15002FF45C /* dragonsmallrun5.png in Resources */,
			);
			runOnlyForDeploymentPostprocessing = 0;
		};
/* End PBXResourcesBuildPhase section */

/* Begin PBXSourcesBuildPhase section */
		20FE1FB115CCD6250055B92B /* Sources */ = {
			isa = PBXSourcesBuildPhase;
			buildActionMask = 2147483647;
			files = (
				207F585B15CCD7E90037B9D9 /* main.cpp in Sources */,
				2058B8A315CCE5CF00C316BB /* Viewport.cpp in Sources */,
				2058B8A715CCF2BD00C316BB /* GroundHeightmap.cpp in Sources */,
				2058B8B015CCFAC700C316BB /* GameObject.cpp in Sources */,
				2058B8B315CD081500C316BB /* GameObjManager.cpp in Sources */,
				20E7360C15CD768700A4F90B /* MainMenu.cpp in Sources */,
				2077483D15CD51E7000EAED4 /* Dragon.cpp in Sources */,
				2039F88515CDF09100ABC061 /* Cave.cpp in Sources */,
				20EF027815CE128800E86905 /* GameSave.cpp in Sources */,
				20BCD63915CE462F001BE033 /* Primes.cpp in Sources */,
				20D4682215CEC05900D76210 /* Game.cpp in Sources */,
			);
			runOnlyForDeploymentPostprocessing = 0;
		};
/* End PBXSourcesBuildPhase section */

/* Begin XCBuildConfiguration section */
		20FE1FAF15CCD5F90055B92B /* Debug */ = {
			isa = XCBuildConfiguration;
			buildSettings = {
			};
			name = Debug;
		};
		20FE1FB015CCD5F90055B92B /* Release */ = {
			isa = XCBuildConfiguration;
			buildSettings = {
			};
			name = Release;
		};
		20FE1FD215CCD6250055B92B /* Debug */ = {
			isa = XCBuildConfiguration;
			buildSettings = {
				ALWAYS_SEARCH_USER_PATHS = NO;
				ARCHS = "$(ARCHS_STANDARD_64_BIT)";
				CLANG_CXX_LANGUAGE_STANDARD = "c++98";
				CLANG_WARN__DUPLICATE_METHOD_MATCH = YES;
				COMBINE_HIDPI_IMAGES = YES;
				COPY_PHASE_STRIP = NO;
				GCC_C_LANGUAGE_STANDARD = gnu99;
				GCC_DYNAMIC_NO_PIC = NO;
				GCC_ENABLE_OBJC_EXCEPTIONS = YES;
				GCC_OPTIMIZATION_LEVEL = 0;
				GCC_PREFIX_HEADER = "";
				GCC_PREPROCESSOR_DEFINITIONS = (
					"DEBUG=1",
					"$(inherited)",
				);
				GCC_SYMBOLS_PRIVATE_EXTERN = NO;
				GCC_WARN_64_TO_32_BIT_CONVERSION = YES;
				GCC_WARN_ABOUT_RETURN_TYPE = YES;
				GCC_WARN_UNINITIALIZED_AUTOS = YES;
				GCC_WARN_UNUSED_VARIABLE = YES;
				HEADER_SEARCH_PATHS = ../../../ext/allegro/include;
				INFOPLIST_FILE = "$(SRCROOT)/../../../res/TINSGame2012-Info.plist";
				LIBRARY_SEARCH_PATHS = (
					../../../ext/allegro/lib,
					"\"$(SRCROOT)/../../../ext/allegro/lib\"",
				);
				MACOSX_DEPLOYMENT_TARGET = 10.7;
				ONLY_ACTIVE_ARCH = YES;
				PRODUCT_NAME = "$(TARGET_NAME)";
				SDKROOT = macosx;
				WRAPPER_EXTENSION = app;
			};
			name = Debug;
		};
		20FE1FD315CCD6250055B92B /* Release */ = {
			isa = XCBuildConfiguration;
			buildSettings = {
				ALWAYS_SEARCH_USER_PATHS = NO;
				ARCHS = "$(ARCHS_STANDARD_64_BIT)";
				CLANG_CXX_LANGUAGE_STANDARD = "c++98";
				CLANG_WARN__DUPLICATE_METHOD_MATCH = YES;
				COMBINE_HIDPI_IMAGES = YES;
				COPY_PHASE_STRIP = YES;
				DEBUG_INFORMATION_FORMAT = "dwarf-with-dsym";
				GCC_C_LANGUAGE_STANDARD = gnu99;
				GCC_ENABLE_OBJC_EXCEPTIONS = YES;
				GCC_PREFIX_HEADER = "";
				GCC_WARN_64_TO_32_BIT_CONVERSION = YES;
				GCC_WARN_ABOUT_RETURN_TYPE = YES;
				GCC_WARN_UNINITIALIZED_AUTOS = YES;
				GCC_WARN_UNUSED_VARIABLE = YES;
				HEADER_SEARCH_PATHS = ../../../ext/allegro/include;
				INFOPLIST_FILE = "$(SRCROOT)/../../../res/TINSGame2012-Info.plist";
				LIBRARY_SEARCH_PATHS = (
					../../../ext/allegro/lib,
					"\"$(SRCROOT)/../../../ext/allegro/lib\"",
				);
				MACOSX_DEPLOYMENT_TARGET = 10.7;
				PRODUCT_NAME = "$(TARGET_NAME)";
				SDKROOT = macosx;
				WRAPPER_EXTENSION = app;
			};
			name = Release;
		};
/* End XCBuildConfiguration section */

/* Begin XCConfigurationList section */
		20FE1FAD15CCD5F90055B92B /* Build configuration list for PBXProject "TINSGame2012" */ = {
			isa = XCConfigurationList;
			buildConfigurations = (
				20FE1FAF15CCD5F90055B92B /* Debug */,
				20FE1FB015CCD5F90055B92B /* Release */,
			);
			defaultConfigurationIsVisible = 0;
			defaultConfigurationName = Release;
		};
		20FE1FD115CCD6250055B92B /* Build configuration list for PBXNativeTarget "Chocozumas Revenge" */ = {
			isa = XCConfigurationList;
			buildConfigurations = (
				20FE1FD215CCD6250055B92B /* Debug */,
				20FE1FD315CCD6250055B92B /* Release */,
			);
			defaultConfigurationIsVisible = 0;
			defaultConfigurationName = Release;
		};
/* End XCConfigurationList section */
	};
	rootObject = 20FE1FAA15CCD5F90055B92B /* Project object */;
}
